// !$*UTF8*$!
{
	archiveVersion = 1;
	classes = {
	};
	objectVersion = 46;
	objects = {

/* Begin PBXBuildFile section */
		8603B6B1141AEB1C00B68376 /* UIKit.framework in Frameworks */ = {isa = PBXBuildFile; fileRef = 8603B6B0141AEB1C00B68376 /* UIKit.framework */; };
		8603B6B3141AEB1C00B68376 /* Foundation.framework in Frameworks */ = {isa = PBXBuildFile; fileRef = 8603B6B2141AEB1C00B68376 /* Foundation.framework */; };
		8603B6B5141AEB1C00B68376 /* CoreGraphics.framework in Frameworks */ = {isa = PBXBuildFile; fileRef = 8603B6B4141AEB1C00B68376 /* CoreGraphics.framework */; };
		8603B6BB141AEB1C00B68376 /* InfoPlist.strings in Resources */ = {isa = PBXBuildFile; fileRef = 8603B6B9141AEB1C00B68376 /* InfoPlist.strings */; };
		8603B6BD141AEB1C00B68376 /* main.m in Sources */ = {isa = PBXBuildFile; fileRef = 8603B6BC141AEB1C00B68376 /* main.m */; };
		8603B6C1141AEB1C00B68376 /* IpocalypseAppDelegate.m in Sources */ = {isa = PBXBuildFile; fileRef = 8603B6C0141AEB1C00B68376 /* IpocalypseAppDelegate.m */; };
		8603B6C4141AEB1C00B68376 /* MainWindow.xib in Resources */ = {isa = PBXBuildFile; fileRef = 8603B6C2141AEB1C00B68376 /* MainWindow.xib */; };
		8603B6F5141AEC2A00B68376 /* zombie.png in Resources */ = {isa = PBXBuildFile; fileRef = 8603B6F4141AEC2A00B68376 /* zombie.png */; };
		8603B6F7141AEC4000B68376 /* CoreLocation.framework in Frameworks */ = {isa = PBXBuildFile; fileRef = 8603B6F6141AEC4000B68376 /* CoreLocation.framework */; };
		8603B6F9141AEC4800B68376 /* MapKit.framework in Frameworks */ = {isa = PBXBuildFile; fileRef = 8603B6F8141AEC4800B68376 /* MapKit.framework */; };
		8603B6FB141AEC5000B68376 /* OpenGLES.framework in Frameworks */ = {isa = PBXBuildFile; fileRef = 8603B6FA141AEC5000B68376 /* OpenGLES.framework */; };
		8603B6FD141AEC5700B68376 /* QuartzCore.framework in Frameworks */ = {isa = PBXBuildFile; fileRef = 8603B6FC141AEC5700B68376 /* QuartzCore.framework */; };
		8603B6FF141AEC6B00B68376 /* CoreMotion.framework in Frameworks */ = {isa = PBXBuildFile; fileRef = 8603B6FE141AEC6B00B68376 /* CoreMotion.framework */; };
		8603B710141AF98600B68376 /* IpocalypseViewController.xib in Resources */ = {isa = PBXBuildFile; fileRef = 8603B70F141AF98600B68376 /* IpocalypseViewController.xib */; };
		8603B718141C1C3900B68376 /* Default@2x.png in Resources */ = {isa = PBXBuildFile; fileRef = 8603B715141C1B1A00B68376 /* Default@2x.png */; };
		BE3398721428A4AD002D90D2 /* NSObject+SBJSON.m in Sources */ = {isa = PBXBuildFile; fileRef = BE3398691428A4AD002D90D2 /* NSObject+SBJSON.m */; };
		BE3398731428A4AD002D90D2 /* NSString+SBJSON.m in Sources */ = {isa = PBXBuildFile; fileRef = BE33986B1428A4AD002D90D2 /* NSString+SBJSON.m */; };
		BE3398741428A4AD002D90D2 /* SBJsonBase.m in Sources */ = {isa = PBXBuildFile; fileRef = BE33986D1428A4AD002D90D2 /* SBJsonBase.m */; };
		BE3398751428A4AD002D90D2 /* SBJsonParser.m in Sources */ = {isa = PBXBuildFile; fileRef = BE33986F1428A4AD002D90D2 /* SBJsonParser.m */; };
		BE3398761428A4AD002D90D2 /* SBJsonWriter.m in Sources */ = {isa = PBXBuildFile; fileRef = BE3398711428A4AD002D90D2 /* SBJsonWriter.m */; };
		BEBCAC99141AF57B007E2C96 /* 3dar.plist in Resources */ = {isa = PBXBuildFile; fileRef = BEBCAC87141AF57B007E2C96 /* 3dar.plist */; };
		BEBCAC9A141AF57B007E2C96 /* 3dar_logo.png in Resources */ = {isa = PBXBuildFile; fileRef = BEBCAC8A141AF57B007E2C96 /* 3dar_logo.png */; };
		BEBCAC9B141AF57B007E2C96 /* 3dar_marker_icon1.png in Resources */ = {isa = PBXBuildFile; fileRef = BEBCAC8B141AF57B007E2C96 /* 3dar_marker_icon1.png */; };
		BEBCAC9C141AF57B007E2C96 /* 3dar_marker_icon1_focused.png in Resources */ = {isa = PBXBuildFile; fileRef = BEBCAC8C141AF57B007E2C96 /* 3dar_marker_icon1_focused.png */; };
		BEBCAC9D141AF57B007E2C96 /* 3dar_pano_bg.png in Resources */ = {isa = PBXBuildFile; fileRef = BEBCAC8D141AF57B007E2C96 /* 3dar_pano_bg.png */; };
		BEBCAC9E141AF57B007E2C96 /* bubble.png in Resources */ = {isa = PBXBuildFile; fileRef = BEBCAC8E141AF57B007E2C96 /* bubble.png */; };
		BEBCAC9F141AF57B007E2C96 /* cube.obj in Resources */ = {isa = PBXBuildFile; fileRef = BEBCAC90141AF57B007E2C96 /* cube.obj */; };
		BEBCACA0141AF57B007E2C96 /* moebius.obj in Resources */ = {isa = PBXBuildFile; fileRef = BEBCAC91141AF57B007E2C96 /* moebius.obj */; };
		BEBCACA1141AF57B007E2C96 /* sphere.obj in Resources */ = {isa = PBXBuildFile; fileRef = BEBCAC92141AF57B007E2C96 /* sphere.obj */; };
		BEBCACA2141AF57B007E2C96 /* star.obj in Resources */ = {isa = PBXBuildFile; fileRef = BEBCAC93141AF57B007E2C96 /* star.obj */; };
		BEBCACA3141AF57B007E2C96 /* ufo.obj in Resources */ = {isa = PBXBuildFile; fileRef = BEBCAC94141AF57B007E2C96 /* ufo.obj */; };
		BEBCACA4141AF57B007E2C96 /* lib3DAR_v2_1_1.a in Frameworks */ = {isa = PBXBuildFile; fileRef = BEBCAC96141AF57B007E2C96 /* lib3DAR_v2_1_1.a */; };
		BEBCACA5141AF57C007E2C96 /* SM3DAR_keys.txt in Resources */ = {isa = PBXBuildFile; fileRef = BEBCAC98141AF57B007E2C96 /* SM3DAR_keys.txt */; };
		BEBCACA8141AF66F007E2C96 /* IpocalypseViewController.m in Sources */ = {isa = PBXBuildFile; fileRef = BEBCACA7141AF66F007E2C96 /* IpocalypseViewController.m */; };
		BEBCACF814216A49007E2C96 /* Creep.obj in Resources */ = {isa = PBXBuildFile; fileRef = BEBCACF714216A49007E2C96 /* Creep.obj */; };
/* End PBXBuildFile section */

/* Begin PBXFileReference section */
		8603B6AC141AEB1C00B68376 /* Ipocalypse.app */ = {isa = PBXFileReference; explicitFileType = wrapper.application; includeInIndex = 0; path = Ipocalypse.app; sourceTree = BUILT_PRODUCTS_DIR; };
		8603B6B0141AEB1C00B68376 /* UIKit.framework */ = {isa = PBXFileReference; lastKnownFileType = wrapper.framework; name = UIKit.framework; path = System/Library/Frameworks/UIKit.framework; sourceTree = SDKROOT; };
		8603B6B2141AEB1C00B68376 /* Foundation.framework */ = {isa = PBXFileReference; lastKnownFileType = wrapper.framework; name = Foundation.framework; path = System/Library/Frameworks/Foundation.framework; sourceTree = SDKROOT; };
		8603B6B4141AEB1C00B68376 /* CoreGraphics.framework */ = {isa = PBXFileReference; lastKnownFileType = wrapper.framework; name = CoreGraphics.framework; path = System/Library/Frameworks/CoreGraphics.framework; sourceTree = SDKROOT; };
		8603B6B8141AEB1C00B68376 /* Ipocalypse-Info.plist */ = {isa = PBXFileReference; lastKnownFileType = text.plist.xml; path = "Ipocalypse-Info.plist"; sourceTree = "<group>"; };
		8603B6BA141AEB1C00B68376 /* en */ = {isa = PBXFileReference; lastKnownFileType = text.plist.strings; name = en; path = en.lproj/InfoPlist.strings; sourceTree = "<group>"; };
		8603B6BC141AEB1C00B68376 /* main.m */ = {isa = PBXFileReference; lastKnownFileType = sourcecode.c.objc; path = main.m; sourceTree = "<group>"; };
		8603B6BE141AEB1C00B68376 /* Ipocalypse-Prefix.pch */ = {isa = PBXFileReference; lastKnownFileType = sourcecode.c.h; path = "Ipocalypse-Prefix.pch"; sourceTree = "<group>"; };
		8603B6BF141AEB1C00B68376 /* IpocalypseAppDelegate.h */ = {isa = PBXFileReference; lastKnownFileType = sourcecode.c.h; path = IpocalypseAppDelegate.h; sourceTree = "<group>"; };
		8603B6C0141AEB1C00B68376 /* IpocalypseAppDelegate.m */ = {isa = PBXFileReference; lastKnownFileType = sourcecode.c.objc; path = IpocalypseAppDelegate.m; sourceTree = "<group>"; };
		8603B6C3141AEB1C00B68376 /* en */ = {isa = PBXFileReference; lastKnownFileType = file.xib; name = en; path = en.lproj/MainWindow.xib; sourceTree = "<group>"; };
		8603B6F4141AEC2A00B68376 /* zombie.png */ = {isa = PBXFileReference; lastKnownFileType = image.png; path = zombie.png; sourceTree = "<group>"; };
		8603B6F6141AEC4000B68376 /* CoreLocation.framework */ = {isa = PBXFileReference; lastKnownFileType = wrapper.framework; name = CoreLocation.framework; path = System/Library/Frameworks/CoreLocation.framework; sourceTree = SDKROOT; };
		8603B6F8141AEC4800B68376 /* MapKit.framework */ = {isa = PBXFileReference; lastKnownFileType = wrapper.framework; name = MapKit.framework; path = System/Library/Frameworks/MapKit.framework; sourceTree = SDKROOT; };
		8603B6FA141AEC5000B68376 /* OpenGLES.framework */ = {isa = PBXFileReference; lastKnownFileType = wrapper.framework; name = OpenGLES.framework; path = System/Library/Frameworks/OpenGLES.framework; sourceTree = SDKROOT; };
		8603B6FC141AEC5700B68376 /* QuartzCore.framework */ = {isa = PBXFileReference; lastKnownFileType = wrapper.framework; name = QuartzCore.framework; path = System/Library/Frameworks/QuartzCore.framework; sourceTree = SDKROOT; };
		8603B6FE141AEC6B00B68376 /* CoreMotion.framework */ = {isa = PBXFileReference; lastKnownFileType = wrapper.framework; name = CoreMotion.framework; path = System/Library/Frameworks/CoreMotion.framework; sourceTree = SDKROOT; };
		8603B70F141AF98600B68376 /* IpocalypseViewController.xib */ = {isa = PBXFileReference; fileEncoding = 4; lastKnownFileType = file.xib; path = IpocalypseViewController.xib; sourceTree = "<group>"; };
		8603B715141C1B1A00B68376 /* Default@2x.png */ = {isa = PBXFileReference; lastKnownFileType = image.png; path = "Default@2x.png"; sourceTree = "<group>"; };
		BE3398671428A4AD002D90D2 /* JSON.h */ = {isa = PBXFileReference; fileEncoding = 4; lastKnownFileType = sourcecode.c.h; path = JSON.h; sourceTree = "<group>"; };
		BE3398681428A4AD002D90D2 /* NSObject+SBJSON.h */ = {isa = PBXFileReference; fileEncoding = 4; lastKnownFileType = sourcecode.c.h; path = "NSObject+SBJSON.h"; sourceTree = "<group>"; };
		BE3398691428A4AD002D90D2 /* NSObject+SBJSON.m */ = {isa = PBXFileReference; fileEncoding = 4; lastKnownFileType = sourcecode.c.objc; path = "NSObject+SBJSON.m"; sourceTree = "<group>"; };
		BE33986A1428A4AD002D90D2 /* NSString+SBJSON.h */ = {isa = PBXFileReference; fileEncoding = 4; lastKnownFileType = sourcecode.c.h; path = "NSString+SBJSON.h"; sourceTree = "<group>"; };
		BE33986B1428A4AD002D90D2 /* NSString+SBJSON.m */ = {isa = PBXFileReference; fileEncoding = 4; lastKnownFileType = sourcecode.c.objc; path = "NSString+SBJSON.m"; sourceTree = "<group>"; };
		BE33986C1428A4AD002D90D2 /* SBJsonBase.h */ = {isa = PBXFileReference; fileEncoding = 4; lastKnownFileType = sourcecode.c.h; path = SBJsonBase.h; sourceTree = "<group>"; };
		BE33986D1428A4AD002D90D2 /* SBJsonBase.m */ = {isa = PBXFileReference; fileEncoding = 4; lastKnownFileType = sourcecode.c.objc; path = SBJsonBase.m; sourceTree = "<group>"; };
		BE33986E1428A4AD002D90D2 /* SBJsonParser.h */ = {isa = PBXFileReference; fileEncoding = 4; lastKnownFileType = sourcecode.c.h; path = SBJsonParser.h; sourceTree = "<group>"; };
		BE33986F1428A4AD002D90D2 /* SBJsonParser.m */ = {isa = PBXFileReference; fileEncoding = 4; lastKnownFileType = sourcecode.c.objc; path = SBJsonParser.m; sourceTree = "<group>"; };
		BE3398701428A4AD002D90D2 /* SBJsonWriter.h */ = {isa = PBXFileReference; fileEncoding = 4; lastKnownFileType = sourcecode.c.h; path = SBJsonWriter.h; sourceTree = "<group>"; };
		BE3398711428A4AD002D90D2 /* SBJsonWriter.m */ = {isa = PBXFileReference; fileEncoding = 4; lastKnownFileType = sourcecode.c.objc; path = SBJsonWriter.m; sourceTree = "<group>"; };
		BEBCAC87141AF57B007E2C96 /* 3dar.plist */ = {isa = PBXFileReference; fileEncoding = 4; lastKnownFileType = text.plist.xml; path = 3dar.plist; sourceTree = "<group>"; };
		BEBCAC8A141AF57B007E2C96 /* 3dar_logo.png */ = {isa = PBXFileReference; lastKnownFileType = image.png; path = 3dar_logo.png; sourceTree = "<group>"; };
		BEBCAC8B141AF57B007E2C96 /* 3dar_marker_icon1.png */ = {isa = PBXFileReference; lastKnownFileType = image.png; path = 3dar_marker_icon1.png; sourceTree = "<group>"; };
		BEBCAC8C141AF57B007E2C96 /* 3dar_marker_icon1_focused.png */ = {isa = PBXFileReference; lastKnownFileType = image.png; path = 3dar_marker_icon1_focused.png; sourceTree = "<group>"; };
		BEBCAC8D141AF57B007E2C96 /* 3dar_pano_bg.png */ = {isa = PBXFileReference; lastKnownFileType = image.png; path = 3dar_pano_bg.png; sourceTree = "<group>"; };
		BEBCAC8E141AF57B007E2C96 /* bubble.png */ = {isa = PBXFileReference; lastKnownFileType = image.png; path = bubble.png; sourceTree = "<group>"; };
		BEBCAC90141AF57B007E2C96 /* cube.obj */ = {isa = PBXFileReference; fileEncoding = 4; lastKnownFileType = text; path = cube.obj; sourceTree = "<group>"; };
		BEBCAC91141AF57B007E2C96 /* moebius.obj */ = {isa = PBXFileReference; fileEncoding = 4; lastKnownFileType = text; path = moebius.obj; sourceTree = "<group>"; };
		BEBCAC92141AF57B007E2C96 /* sphere.obj */ = {isa = PBXFileReference; fileEncoding = 4; lastKnownFileType = text; path = sphere.obj; sourceTree = "<group>"; };
		BEBCAC93141AF57B007E2C96 /* star.obj */ = {isa = PBXFileReference; fileEncoding = 4; lastKnownFileType = text; path = star.obj; sourceTree = "<group>"; };
		BEBCAC94141AF57B007E2C96 /* ufo.obj */ = {isa = PBXFileReference; fileEncoding = 4; lastKnownFileType = text; path = ufo.obj; sourceTree = "<group>"; };
		BEBCAC96141AF57B007E2C96 /* lib3DAR_v2_1_1.a */ = {isa = PBXFileReference; lastKnownFileType = archive.ar; path = lib3DAR_v2_1_1.a; sourceTree = "<group>"; };
		BEBCAC97141AF57B007E2C96 /* SM3DAR.h */ = {isa = PBXFileReference; fileEncoding = 4; lastKnownFileType = sourcecode.c.h; path = SM3DAR.h; sourceTree = "<group>"; };
		BEBCAC98141AF57B007E2C96 /* SM3DAR_keys.txt */ = {isa = PBXFileReference; fileEncoding = 4; lastKnownFileType = text; path = SM3DAR_keys.txt; sourceTree = "<group>"; };
		BEBCACA6141AF665007E2C96 /* IpocalypseViewController.h */ = {isa = PBXFileReference; fileEncoding = 4; lastKnownFileType = sourcecode.c.h; path = IpocalypseViewController.h; sourceTree = "<group>"; };
		BEBCACA7141AF66F007E2C96 /* IpocalypseViewController.m */ = {isa = PBXFileReference; fileEncoding = 4; lastKnownFileType = sourcecode.c.objc; path = IpocalypseViewController.m; sourceTree = "<group>"; };
		BEBCACF714216A49007E2C96 /* Creep.obj */ = {isa = PBXFileReference; fileEncoding = 4; lastKnownFileType = text; path = Creep.obj; sourceTree = "<group>"; };
/* End PBXFileReference section */

/* Begin PBXFrameworksBuildPhase section */
		8603B6A9141AEB1C00B68376 /* Frameworks */ = {
			isa = PBXFrameworksBuildPhase;
			buildActionMask = 2147483647;
			files = (
				8603B6FF141AEC6B00B68376 /* CoreMotion.framework in Frameworks */,
				8603B6FD141AEC5700B68376 /* QuartzCore.framework in Frameworks */,
				8603B6FB141AEC5000B68376 /* OpenGLES.framework in Frameworks */,
				8603B6F9141AEC4800B68376 /* MapKit.framework in Frameworks */,
				8603B6F7141AEC4000B68376 /* CoreLocation.framework in Frameworks */,
				8603B6B1141AEB1C00B68376 /* UIKit.framework in Frameworks */,
				8603B6B3141AEB1C00B68376 /* Foundation.framework in Frameworks */,
				8603B6B5141AEB1C00B68376 /* CoreGraphics.framework in Frameworks */,
				BEBCACA4141AF57B007E2C96 /* lib3DAR_v2_1_1.a in Frameworks */,
			);
			runOnlyForDeploymentPostprocessing = 0;
		};
/* End PBXFrameworksBuildPhase section */

/* Begin PBXGroup section */
		8603B6A1141AEB1C00B68376 = {
			isa = PBXGroup;
			children = (
				BE3398661428A4AD002D90D2 /* JSON */,
				8603B715141C1B1A00B68376 /* Default@2x.png */,
				BEBCAC86141AF57B007E2C96 /* 3DAR */,
				8603B6F4141AEC2A00B68376 /* zombie.png */,
				8603B6B6141AEB1C00B68376 /* Ipocalypse */,
				8603B6AF141AEB1C00B68376 /* Frameworks */,
				8603B6AD141AEB1C00B68376 /* Products */,
			);
			sourceTree = "<group>";
		};
		8603B6AD141AEB1C00B68376 /* Products */ = {
			isa = PBXGroup;
			children = (
				8603B6AC141AEB1C00B68376 /* Ipocalypse.app */,
			);
			name = Products;
			sourceTree = "<group>";
		};
		8603B6AF141AEB1C00B68376 /* Frameworks */ = {
			isa = PBXGroup;
			children = (
				8603B6FE141AEC6B00B68376 /* CoreMotion.framework */,
				8603B6FC141AEC5700B68376 /* QuartzCore.framework */,
				8603B6FA141AEC5000B68376 /* OpenGLES.framework */,
				8603B6F8141AEC4800B68376 /* MapKit.framework */,
				8603B6F6141AEC4000B68376 /* CoreLocation.framework */,
				8603B6B0141AEB1C00B68376 /* UIKit.framework */,
				8603B6B2141AEB1C00B68376 /* Foundation.framework */,
				8603B6B4141AEB1C00B68376 /* CoreGraphics.framework */,
			);
			name = Frameworks;
			sourceTree = "<group>";
		};
		8603B6B6141AEB1C00B68376 /* Ipocalypse */ = {
			isa = PBXGroup;
			children = (
				BEBCACA6141AF665007E2C96 /* IpocalypseViewController.h */,
				BEBCACA7141AF66F007E2C96 /* IpocalypseViewController.m */,
				8603B6BF141AEB1C00B68376 /* IpocalypseAppDelegate.h */,
				8603B6C0141AEB1C00B68376 /* IpocalypseAppDelegate.m */,
				8603B6C2141AEB1C00B68376 /* MainWindow.xib */,
				8603B70F141AF98600B68376 /* IpocalypseViewController.xib */,
				8603B6B7141AEB1C00B68376 /* Supporting Files */,
			);
			path = Ipocalypse;
			sourceTree = "<group>";
		};
		8603B6B7141AEB1C00B68376 /* Supporting Files */ = {
			isa = PBXGroup;
			children = (
				8603B6B8141AEB1C00B68376 /* Ipocalypse-Info.plist */,
				8603B6B9141AEB1C00B68376 /* InfoPlist.strings */,
				8603B6BC141AEB1C00B68376 /* main.m */,
				8603B6BE141AEB1C00B68376 /* Ipocalypse-Prefix.pch */,
			);
			name = "Supporting Files";
			sourceTree = "<group>";
		};
		BE3398661428A4AD002D90D2 /* JSON */ = {
			isa = PBXGroup;
			children = (
				BE3398671428A4AD002D90D2 /* JSON.h */,
				BE3398681428A4AD002D90D2 /* NSObject+SBJSON.h */,
				BE3398691428A4AD002D90D2 /* NSObject+SBJSON.m */,
				BE33986A1428A4AD002D90D2 /* NSString+SBJSON.h */,
				BE33986B1428A4AD002D90D2 /* NSString+SBJSON.m */,
				BE33986C1428A4AD002D90D2 /* SBJsonBase.h */,
				BE33986D1428A4AD002D90D2 /* SBJsonBase.m */,
				BE33986E1428A4AD002D90D2 /* SBJsonParser.h */,
				BE33986F1428A4AD002D90D2 /* SBJsonParser.m */,
				BE3398701428A4AD002D90D2 /* SBJsonWriter.h */,
				BE3398711428A4AD002D90D2 /* SBJsonWriter.m */,
			);
			path = JSON;
			sourceTree = "<group>";
		};
		BEBCAC86141AF57B007E2C96 /* 3DAR */ = {
			isa = PBXGroup;
			children = (
				BEBCAC87141AF57B007E2C96 /* 3dar.plist */,
				BEBCAC88141AF57B007E2C96 /* Assets */,
				BEBCAC95141AF57B007E2C96 /* Lib */,
				BEBCAC97141AF57B007E2C96 /* SM3DAR.h */,
				BEBCAC98141AF57B007E2C96 /* SM3DAR_keys.txt */,
			);
			path = 3DAR;
			sourceTree = "<group>";
		};
		BEBCAC88141AF57B007E2C96 /* Assets */ = {
			isa = PBXGroup;
			children = (
				BEBCAC89141AF57B007E2C96 /* images */,
				BEBCAC8F141AF57B007E2C96 /* models */,
			);
			path = Assets;
			sourceTree = "<group>";
		};
		BEBCAC89141AF57B007E2C96 /* images */ = {
			isa = PBXGroup;
			children = (
				BEBCAC8A141AF57B007E2C96 /* 3dar_logo.png */,
				BEBCAC8B141AF57B007E2C96 /* 3dar_marker_icon1.png */,
				BEBCAC8C141AF57B007E2C96 /* 3dar_marker_icon1_focused.png */,
				BEBCAC8D141AF57B007E2C96 /* 3dar_pano_bg.png */,
				BEBCAC8E141AF57B007E2C96 /* bubble.png */,
			);
			path = images;
			sourceTree = "<group>";
		};
		BEBCAC8F141AF57B007E2C96 /* models */ = {
			isa = PBXGroup;
			children = (
				BEBCACF714216A49007E2C96 /* Creep.obj */,
				BEBCAC90141AF57B007E2C96 /* cube.obj */,
				BEBCAC91141AF57B007E2C96 /* moebius.obj */,
				BEBCAC92141AF57B007E2C96 /* sphere.obj */,
				BEBCAC93141AF57B007E2C96 /* star.obj */,
				BEBCAC94141AF57B007E2C96 /* ufo.obj */,
			);
			path = models;
			sourceTree = "<group>";
		};
		BEBCAC95141AF57B007E2C96 /* Lib */ = {
			isa = PBXGroup;
			children = (
				BEBCAC96141AF57B007E2C96 /* lib3DAR_v2_1_1.a */,
			);
			path = Lib;
			sourceTree = "<group>";
		};
/* End PBXGroup section */

/* Begin PBXNativeTarget section */
		8603B6AB141AEB1C00B68376 /* Ipocalypse */ = {
			isa = PBXNativeTarget;
			buildConfigurationList = 8603B6CD141AEB1C00B68376 /* Build configuration list for PBXNativeTarget "Ipocalypse" */;
			buildPhases = (
				8603B6A8141AEB1C00B68376 /* Sources */,
				8603B6A9141AEB1C00B68376 /* Frameworks */,
				8603B6AA141AEB1C00B68376 /* Resources */,
			);
			buildRules = (
			);
			dependencies = (
			);
			name = Ipocalypse;
			productName = Ipocalypse;
			productReference = 8603B6AC141AEB1C00B68376 /* Ipocalypse.app */;
			productType = "com.apple.product-type.application";
		};
/* End PBXNativeTarget section */

/* Begin PBXProject section */
		8603B6A3141AEB1C00B68376 /* Project object */ = {
			isa = PBXProject;
			buildConfigurationList = 8603B6A6141AEB1C00B68376 /* Build configuration list for PBXProject "Ipocalypse" */;
			compatibilityVersion = "Xcode 3.2";
			developmentRegion = English;
			hasScannedForEncodings = 0;
			knownRegions = (
				en,
			);
			mainGroup = 8603B6A1141AEB1C00B68376;
			productRefGroup = 8603B6AD141AEB1C00B68376 /* Products */;
			projectDirPath = "";
			projectRoot = "";
			targets = (
				8603B6AB141AEB1C00B68376 /* Ipocalypse */,
			);
		};
/* End PBXProject section */

/* Begin PBXResourcesBuildPhase section */
		8603B6AA141AEB1C00B68376 /* Resources */ = {
			isa = PBXResourcesBuildPhase;
			buildActionMask = 2147483647;
			files = (
				8603B6BB141AEB1C00B68376 /* InfoPlist.strings in Resources */,
				8603B6C4141AEB1C00B68376 /* MainWindow.xib in Resources */,
				8603B6F5141AEC2A00B68376 /* zombie.png in Resources */,
				BEBCAC99141AF57B007E2C96 /* 3dar.plist in Resources */,
				BEBCAC9A141AF57B007E2C96 /* 3dar_logo.png in Resources */,
				BEBCAC9B141AF57B007E2C96 /* 3dar_marker_icon1.png in Resources */,
				BEBCAC9C141AF57B007E2C96 /* 3dar_marker_icon1_focused.png in Resources */,
				BEBCAC9D141AF57B007E2C96 /* 3dar_pano_bg.png in Resources */,
				BEBCAC9E141AF57B007E2C96 /* bubble.png in Resources */,
				BEBCAC9F141AF57B007E2C96 /* cube.obj in Resources */,
				BEBCACA0141AF57B007E2C96 /* moebius.obj in Resources */,
				BEBCACA1141AF57B007E2C96 /* sphere.obj in Resources */,
				BEBCACA2141AF57B007E2C96 /* star.obj in Resources */,
				BEBCACA3141AF57B007E2C96 /* ufo.obj in Resources */,
				BEBCACA5141AF57C007E2C96 /* SM3DAR_keys.txt in Resources */,
				8603B710141AF98600B68376 /* IpocalypseViewController.xib in Resources */,
				8603B718141C1C3900B68376 /* Default@2x.png in Resources */,
				BEBCACF814216A49007E2C96 /* Creep.obj in Resources */,
			);
			runOnlyForDeploymentPostprocessing = 0;
		};
/* End PBXResourcesBuildPhase section */

/* Begin PBXSourcesBuildPhase section */
		8603B6A8141AEB1C00B68376 /* Sources */ = {
			isa = PBXSourcesBuildPhase;
			buildActionMask = 2147483647;
			files = (
				8603B6BD141AEB1C00B68376 /* main.m in Sources */,
				8603B6C1141AEB1C00B68376 /* IpocalypseAppDelegate.m in Sources */,
				BEBCACA8141AF66F007E2C96 /* IpocalypseViewController.m in Sources */,
				BE3398721428A4AD002D90D2 /* NSObject+SBJSON.m in Sources */,
				BE3398731428A4AD002D90D2 /* NSString+SBJSON.m in Sources */,
				BE3398741428A4AD002D90D2 /* SBJsonBase.m in Sources */,
				BE3398751428A4AD002D90D2 /* SBJsonParser.m in Sources */,
				BE3398761428A4AD002D90D2 /* SBJsonWriter.m in Sources */,
			);
			runOnlyForDeploymentPostprocessing = 0;
		};
/* End PBXSourcesBuildPhase section */

/* Begin PBXVariantGroup section */
		8603B6B9141AEB1C00B68376 /* InfoPlist.strings */ = {
			isa = PBXVariantGroup;
			children = (
				8603B6BA141AEB1C00B68376 /* en */,
			);
			name = InfoPlist.strings;
			sourceTree = "<group>";
		};
		8603B6C2141AEB1C00B68376 /* MainWindow.xib */ = {
			isa = PBXVariantGroup;
			children = (
				8603B6C3141AEB1C00B68376 /* en */,
			);
			name = MainWindow.xib;
			sourceTree = "<group>";
		};
/* End PBXVariantGroup section */

/* Begin XCBuildConfiguration section */
		8603B6CB141AEB1C00B68376 /* Debug */ = {
			isa = XCBuildConfiguration;
			buildSettings = {
				ALWAYS_SEARCH_USER_PATHS = NO;
				ARCHS = "$(ARCHS_STANDARD_32_BIT)";
				"CODE_SIGN_IDENTITY[sdk=iphoneos*]" = "iPhone Developer";
				COPY_PHASE_STRIP = NO;
				GCC_C_LANGUAGE_STANDARD = gnu99;
				GCC_DYNAMIC_NO_PIC = NO;
				GCC_OPTIMIZATION_LEVEL = 0;
				GCC_PREPROCESSOR_DEFINITIONS = (
					"DEBUG=1",
					"$(inherited)",
				);
				GCC_SYMBOLS_PRIVATE_EXTERN = NO;
				GCC_VERSION = com.apple.compilers.llvmgcc42;
				GCC_WARN_ABOUT_MISSING_PROTOTYPES = YES;
				GCC_WARN_ABOUT_RETURN_TYPE = YES;
				GCC_WARN_UNUSED_VARIABLE = YES;
				IPHONEOS_DEPLOYMENT_TARGET = 4.2;
				SDKROOT = iphoneos;
			};
			name = Debug;
		};
		8603B6CC141AEB1C00B68376 /* Release */ = {
			isa = XCBuildConfiguration;
			buildSettings = {
				ALWAYS_SEARCH_USER_PATHS = NO;
				ARCHS = "$(ARCHS_STANDARD_32_BIT)";
				"CODE_SIGN_IDENTITY[sdk=iphoneos*]" = "iPhone Developer";
				COPY_PHASE_STRIP = YES;
				GCC_C_LANGUAGE_STANDARD = gnu99;
				GCC_VERSION = com.apple.compilers.llvmgcc42;
				GCC_WARN_ABOUT_MISSING_PROTOTYPES = YES;
				GCC_WARN_ABOUT_RETURN_TYPE = YES;
				GCC_WARN_UNUSED_VARIABLE = YES;
				IPHONEOS_DEPLOYMENT_TARGET = 4.2;
				OTHER_CFLAGS = "-DNS_BLOCK_ASSERTIONS=1";
				SDKROOT = iphoneos;
				VALIDATE_PRODUCT = YES;
			};
			name = Release;
		};
		8603B6CE141AEB1C00B68376 /* Debug */ = {
			isa = XCBuildConfiguration;
			buildSettings = {
				FRAMEWORK_SEARCH_PATHS = (
					"$(inherited)",
					"\"$(SRCROOT)\"",
				);
				GCC_PRECOMPILE_PREFIX_HEADER = YES;
				GCC_PREFIX_HEADER = "Ipocalypse/Ipocalypse-Prefix.pch";
				INFOPLIST_FILE = "Ipocalypse/Ipocalypse-Info.plist";
				IPHONEOS_DEPLOYMENT_TARGET = 4.2;
				LIBRARY_SEARCH_PATHS = (
					"$(inherited)",
					"\"$(SRCROOT)/../3DAR SDK v2.1.1 2/3DAR/Lib\"",
					"\"$(SRCROOT)/3DAR/Lib\"",
					"\"$(SRCROOT)\"",
				);
				OTHER_LDFLAGS = (
					"-all_load",
					"-ObjC",
					"-lstdc++",
				);
				PRODUCT_NAME = "$(TARGET_NAME)";
				TARGETED_DEVICE_FAMILY = 1;
				WRAPPER_EXTENSION = app;
			};
			name = Debug;
		};
		8603B6CF141AEB1C00B68376 /* Release */ = {
			isa = XCBuildConfiguration;
			buildSettings = {
				FRAMEWORK_SEARCH_PATHS = (
					"$(inherited)",
					"\"$(SRCROOT)\"",
				);
				GCC_PRECOMPILE_PREFIX_HEADER = YES;
				GCC_PREFIX_HEADER = "Ipocalypse/Ipocalypse-Prefix.pch";
				INFOPLIST_FILE = "Ipocalypse/Ipocalypse-Info.plist";
				IPHONEOS_DEPLOYMENT_TARGET = 4.2;
				LIBRARY_SEARCH_PATHS = (
					"$(inherited)",
					"\"$(SRCROOT)/../3DAR SDK v2.1.1 2/3DAR/Lib\"",
					"\"$(SRCROOT)/3DAR/Lib\"",
					"\"$(SRCROOT)\"",
				);
				OTHER_LDFLAGS = (
					"-all_load",
					"-ObjC",
					"-lstdc++",
				);
				PRODUCT_NAME = "$(TARGET_NAME)";
				TARGETED_DEVICE_FAMILY = 1;
				WRAPPER_EXTENSION = app;
			};
			name = Release;
		};
/* End XCBuildConfiguration section */

/* Begin XCConfigurationList section */
		8603B6A6141AEB1C00B68376 /* Build configuration list for PBXProject "Ipocalypse" */ = {
			isa = XCConfigurationList;
			buildConfigurations = (
				8603B6CB141AEB1C00B68376 /* Debug */,
				8603B6CC141AEB1C00B68376 /* Release */,
			);
			defaultConfigurationIsVisible = 0;
			defaultConfigurationName = Release;
		};
		8603B6CD141AEB1C00B68376 /* Build configuration list for PBXNativeTarget "Ipocalypse" */ = {
			isa = XCConfigurationList;
			buildConfigurations = (
				8603B6CE141AEB1C00B68376 /* Debug */,
				8603B6CF141AEB1C00B68376 /* Release */,
			);
			defaultConfigurationIsVisible = 0;
			defaultConfigurationName = Release;
		};
/* End XCConfigurationList section */
	};
	rootObject = 8603B6A3141AEB1C00B68376 /* Project object */;
}
